// !$*UTF8*$!
{
	archiveVersion = 1;
	classes = {
	};
	objectVersion = 50;
	objects = {

/* Begin PBXBuildFile section */
		E088BA8122C17B070088E62A /* oneStagePiecewiseLP_NSQG.cpp in Sources */ = {isa = PBXBuildFile; fileRef = E088BA7F22C17B070088E62A /* oneStagePiecewiseLP_NSQG.cpp */; };
		E0DB98CF22C04531008088B2 /* main.cpp in Sources */ = {isa = PBXBuildFile; fileRef = E0DB98CE22C04531008088B2 /* main.cpp */; };
		E0DB98D722C04553008088B2 /* IOKit.framework in Frameworks */ = {isa = PBXBuildFile; fileRef = E0DB98D622C04553008088B2 /* IOKit.framework */; };
		E0DB98D922C0455F008088B2 /* CoreFoundation.framework in Frameworks */ = {isa = PBXBuildFile; fileRef = E0DB98D822C0455F008088B2 /* CoreFoundation.framework */; };
		E0DB98DB22C0457F008088B2 /* libconcert.a in Frameworks */ = {isa = PBXBuildFile; fileRef = E0DB98DA22C0457F008088B2 /* libconcert.a */; };
		E0DB98DF22C04595008088B2 /* libilocplex.a in Frameworks */ = {isa = PBXBuildFile; fileRef = E0DB98DC22C04595008088B2 /* libilocplex.a */; };
		E0DB98E022C04595008088B2 /* libcplexdistmip.a in Frameworks */ = {isa = PBXBuildFile; fileRef = E0DB98DD22C04595008088B2 /* libcplexdistmip.a */; };
		E0DB98E122C04595008088B2 /* libcplex.a in Frameworks */ = {isa = PBXBuildFile; fileRef = E0DB98DE22C04595008088B2 /* libcplex.a */; };
		E0DB98E422C048E8008088B2 /* NonparametricSQG_dataType.cpp in Sources */ = {isa = PBXBuildFile; fileRef = E0DB98E222C048E8008088B2 /* NonparametricSQG_dataType.cpp */; };
		E0DB98E722C04B48008088B2 /* nonparametricSQG.cpp in Sources */ = {isa = PBXBuildFile; fileRef = E0DB98E522C04B48008088B2 /* nonparametricSQG.cpp */; };
		E0DB98EA22C04C16008088B2 /* ioNonparametricDB.cpp in Sources */ = {isa = PBXBuildFile; fileRef = E0DB98E822C04C16008088B2 /* ioNonparametricDB.cpp */; };
		E0DB98ED22C04C94008088B2 /* ioNonparametricModel.cpp in Sources */ = {isa = PBXBuildFile; fileRef = E0DB98EB22C04C94008088B2 /* ioNonparametricModel.cpp */; };
		E0DB98F022C04CFA008088B2 /* ioStochastic.cpp in Sources */ = {isa = PBXBuildFile; fileRef = E0DB98EE22C04CFA008088B2 /* ioStochastic.cpp */; };
		E0DB98F622C04DEB008088B2 /* testPlayground.cpp in Sources */ = {isa = PBXBuildFile; fileRef = E0DB98F422C04DEB008088B2 /* testPlayground.cpp */; };
		E0DB98F922C04F87008088B2 /* twoStageLP_NSQG.cpp in Sources */ = {isa = PBXBuildFile; fileRef = E0DB98F722C04F87008088B2 /* twoStageLP_NSQG.cpp */; };
/* End PBXBuildFile section */

/* Begin PBXCopyFilesBuildPhase section */
		E0DB98C922C04531008088B2 /* CopyFiles */ = {
			isa = PBXCopyFilesBuildPhase;
			buildActionMask = 2147483647;
			dstPath = /usr/share/man/man1/;
			dstSubfolderSpec = 0;
			files = (
			);
			runOnlyForDeploymentPostprocessing = 1;
		};
/* End PBXCopyFilesBuildPhase section */

/* Begin PBXFileReference section */
		E088BA7F22C17B070088E62A /* oneStagePiecewiseLP_NSQG.cpp */ = {isa = PBXFileReference; lastKnownFileType = sourcecode.cpp.cpp; path = oneStagePiecewiseLP_NSQG.cpp; sourceTree = "<group>"; };
		E088BA8022C17B070088E62A /* oneStagePiecewiseLP_NSQG.hpp */ = {isa = PBXFileReference; lastKnownFileType = sourcecode.cpp.h; path = oneStagePiecewiseLP_NSQG.hpp; sourceTree = "<group>"; };
		E0DB98CB22C04531008088B2 /* NonparametricSQGv1.1 */ = {isa = PBXFileReference; explicitFileType = "compiled.mach-o.executable"; includeInIndex = 0; path = NonparametricSQGv1.1; sourceTree = BUILT_PRODUCTS_DIR; };
		E0DB98CE22C04531008088B2 /* main.cpp */ = {isa = PBXFileReference; lastKnownFileType = sourcecode.cpp.cpp; path = main.cpp; sourceTree = "<group>"; };
		E0DB98D622C04553008088B2 /* IOKit.framework */ = {isa = PBXFileReference; lastKnownFileType = wrapper.framework; name = IOKit.framework; path = System/Library/Frameworks/IOKit.framework; sourceTree = SDKROOT; };
		E0DB98D822C0455F008088B2 /* CoreFoundation.framework */ = {isa = PBXFileReference; lastKnownFileType = wrapper.framework; name = CoreFoundation.framework; path = System/Library/Frameworks/CoreFoundation.framework; sourceTree = SDKROOT; };
		E0DB98DA22C0457F008088B2 /* libconcert.a */ = {isa = PBXFileReference; lastKnownFileType = archive.ar; name = libconcert.a; path = "../../../../../../Applications/CPLEX_Studio128/concert/lib/x86-64_osx/static_pic/libconcert.a"; sourceTree = "<group>"; };
		E0DB98DC22C04595008088B2 /* libilocplex.a */ = {isa = PBXFileReference; lastKnownFileType = archive.ar; name = libilocplex.a; path = "../../../../../../Applications/CPLEX_Studio128/cplex/lib/x86-64_osx/static_pic/libilocplex.a"; sourceTree = "<group>"; };
		E0DB98DD22C04595008088B2 /* libcplexdistmip.a */ = {isa = PBXFileReference; lastKnownFileType = archive.ar; name = libcplexdistmip.a; path = "../../../../../../Applications/CPLEX_Studio128/cplex/lib/x86-64_osx/static_pic/libcplexdistmip.a"; sourceTree = "<group>"; };
		E0DB98DE22C04595008088B2 /* libcplex.a */ = {isa = PBXFileReference; lastKnownFileType = archive.ar; name = libcplex.a; path = "../../../../../../Applications/CPLEX_Studio128/cplex/lib/x86-64_osx/static_pic/libcplex.a"; sourceTree = "<group>"; };
		E0DB98E222C048E8008088B2 /* NonparametricSQG_dataType.cpp */ = {isa = PBXFileReference; lastKnownFileType = sourcecode.cpp.cpp; path = NonparametricSQG_dataType.cpp; sourceTree = "<group>"; };
		E0DB98E322C048E8008088B2 /* NonparametricSQG_dataType.hpp */ = {isa = PBXFileReference; lastKnownFileType = sourcecode.cpp.h; path = NonparametricSQG_dataType.hpp; sourceTree = "<group>"; };
		E0DB98E522C04B48008088B2 /* nonparametricSQG.cpp */ = {isa = PBXFileReference; lastKnownFileType = sourcecode.cpp.cpp; path = nonparametricSQG.cpp; sourceTree = "<group>"; };
		E0DB98E622C04B48008088B2 /* nonparametricSQG.hpp */ = {isa = PBXFileReference; lastKnownFileType = sourcecode.cpp.h; path = nonparametricSQG.hpp; sourceTree = "<group>"; };
		E0DB98E822C04C16008088B2 /* ioNonparametricDB.cpp */ = {isa = PBXFileReference; lastKnownFileType = sourcecode.cpp.cpp; path = ioNonparametricDB.cpp; sourceTree = "<group>"; };
		E0DB98E922C04C16008088B2 /* ioNonparametricDB.hpp */ = {isa = PBXFileReference; lastKnownFileType = sourcecode.cpp.h; path = ioNonparametricDB.hpp; sourceTree = "<group>"; };
		E0DB98EB22C04C94008088B2 /* ioNonparametricModel.cpp */ = {isa = PBXFileReference; lastKnownFileType = sourcecode.cpp.cpp; path = ioNonparametricModel.cpp; sourceTree = "<group>"; };
		E0DB98EC22C04C94008088B2 /* ioNonparametricModel.hpp */ = {isa = PBXFileReference; lastKnownFileType = sourcecode.cpp.h; path = ioNonparametricModel.hpp; sourceTree = "<group>"; };
		E0DB98EE22C04CFA008088B2 /* ioStochastic.cpp */ = {isa = PBXFileReference; lastKnownFileType = sourcecode.cpp.cpp; path = ioStochastic.cpp; sourceTree = "<group>"; };
		E0DB98EF22C04CFA008088B2 /* ioStochastic.hpp */ = {isa = PBXFileReference; lastKnownFileType = sourcecode.cpp.h; path = ioStochastic.hpp; sourceTree = "<group>"; };
		E0DB98F422C04DEB008088B2 /* testPlayground.cpp */ = {isa = PBXFileReference; lastKnownFileType = sourcecode.cpp.cpp; path = testPlayground.cpp; sourceTree = "<group>"; };
		E0DB98F522C04DEB008088B2 /* testPlayground.hpp */ = {isa = PBXFileReference; lastKnownFileType = sourcecode.cpp.h; path = testPlayground.hpp; sourceTree = "<group>"; };
		E0DB98F722C04F87008088B2 /* twoStageLP_NSQG.cpp */ = {isa = PBXFileReference; lastKnownFileType = sourcecode.cpp.cpp; path = twoStageLP_NSQG.cpp; sourceTree = "<group>"; };
		E0DB98F822C04F87008088B2 /* twoStageLP_NSQG.hpp */ = {isa = PBXFileReference; lastKnownFileType = sourcecode.cpp.h; path = twoStageLP_NSQG.hpp; sourceTree = "<group>"; };
/* End PBXFileReference section */

/* Begin PBXFrameworksBuildPhase section */
		E0DB98C822C04531008088B2 /* Frameworks */ = {
			isa = PBXFrameworksBuildPhase;
			buildActionMask = 2147483647;
			files = (
				E0DB98DF22C04595008088B2 /* libilocplex.a in Frameworks */,
				E0DB98E022C04595008088B2 /* libcplexdistmip.a in Frameworks */,
				E0DB98E122C04595008088B2 /* libcplex.a in Frameworks */,
				E0DB98DB22C0457F008088B2 /* libconcert.a in Frameworks */,
				E0DB98D922C0455F008088B2 /* CoreFoundation.framework in Frameworks */,
				E0DB98D722C04553008088B2 /* IOKit.framework in Frameworks */,
			);
			runOnlyForDeploymentPostprocessing = 0;
		};
/* End PBXFrameworksBuildPhase section */

/* Begin PBXGroup section */
		E0DB98C222C04531008088B2 = {
			isa = PBXGroup;
			children = (
				E0DB98CD22C04531008088B2 /* NonparametricSQGv1.1 */,
				E0DB98CC22C04531008088B2 /* Products */,
				E0DB98D522C04553008088B2 /* Frameworks */,
			);
			sourceTree = "<group>";
		};
		E0DB98CC22C04531008088B2 /* Products */ = {
			isa = PBXGroup;
			children = (
				E0DB98CB22C04531008088B2 /* NonparametricSQGv1.1 */,
			);
			name = Products;
			sourceTree = "<group>";
		};
		E0DB98CD22C04531008088B2 /* NonparametricSQGv1.1 */ = {
			isa = PBXGroup;
			children = (
				E0DB98CE22C04531008088B2 /* main.cpp */,
				E0DB98E222C048E8008088B2 /* NonparametricSQG_dataType.cpp */,
				E0DB98E322C048E8008088B2 /* NonparametricSQG_dataType.hpp */,
				E0DB98F722C04F87008088B2 /* twoStageLP_NSQG.cpp */,
				E0DB98F822C04F87008088B2 /* twoStageLP_NSQG.hpp */,
				E088BA7F22C17B070088E62A /* oneStagePiecewiseLP_NSQG.cpp */,
				E088BA8022C17B070088E62A /* oneStagePiecewiseLP_NSQG.hpp */,
				E0DB98E522C04B48008088B2 /* nonparametricSQG.cpp */,
				E0DB98E622C04B48008088B2 /* nonparametricSQG.hpp */,
				E0DB98E822C04C16008088B2 /* ioNonparametricDB.cpp */,
				E0DB98E922C04C16008088B2 /* ioNonparametricDB.hpp */,
				E0DB98EB22C04C94008088B2 /* ioNonparametricModel.cpp */,
				E0DB98EC22C04C94008088B2 /* ioNonparametricModel.hpp */,
				E0DB98EE22C04CFA008088B2 /* ioStochastic.cpp */,
				E0DB98EF22C04CFA008088B2 /* ioStochastic.hpp */,
				E0DB98F422C04DEB008088B2 /* testPlayground.cpp */,
				E0DB98F522C04DEB008088B2 /* testPlayground.hpp */,
			);
			path = NonparametricSQGv1.1;
			sourceTree = "<group>";
		};
		E0DB98D522C04553008088B2 /* Frameworks */ = {
			isa = PBXGroup;
			children = (
				E0DB98DE22C04595008088B2 /* libcplex.a */,
				E0DB98DD22C04595008088B2 /* libcplexdistmip.a */,
				E0DB98DC22C04595008088B2 /* libilocplex.a */,
				E0DB98DA22C0457F008088B2 /* libconcert.a */,
				E0DB98D822C0455F008088B2 /* CoreFoundation.framework */,
				E0DB98D622C04553008088B2 /* IOKit.framework */,
			);
			name = Frameworks;
			sourceTree = "<group>";
		};
/* End PBXGroup section */

/* Begin PBXNativeTarget section */
		E0DB98CA22C04531008088B2 /* NonparametricSQGv1.1 */ = {
			isa = PBXNativeTarget;
			buildConfigurationList = E0DB98D222C04531008088B2 /* Build configuration list for PBXNativeTarget "NonparametricSQGv1.1" */;
			buildPhases = (
				E0DB98C722C04531008088B2 /* Sources */,
				E0DB98C822C04531008088B2 /* Frameworks */,
				E0DB98C922C04531008088B2 /* CopyFiles */,
			);
			buildRules = (
			);
			dependencies = (
			);
			name = NonparametricSQGv1.1;
			productName = NonparametricSQGv1.1;
			productReference = E0DB98CB22C04531008088B2 /* NonparametricSQGv1.1 */;
			productType = "com.apple.product-type.tool";
		};
/* End PBXNativeTarget section */

/* Begin PBXProject section */
		E0DB98C322C04531008088B2 /* Project object */ = {
			isa = PBXProject;
			attributes = {
				LastUpgradeCheck = 1020;
				ORGANIZATIONNAME = "Shuotao Diao";
				TargetAttributes = {
					E0DB98CA22C04531008088B2 = {
						CreatedOnToolsVersion = 10.2.1;
					};
				};
			};
			buildConfigurationList = E0DB98C622C04531008088B2 /* Build configuration list for PBXProject "NonparametricSQGv1.1" */;
			compatibilityVersion = "Xcode 9.3";
			developmentRegion = en;
			hasScannedForEncodings = 0;
			knownRegions = (
				en,
			);
			mainGroup = E0DB98C222C04531008088B2;
			productRefGroup = E0DB98CC22C04531008088B2 /* Products */;
			projectDirPath = "";
			projectRoot = "";
			targets = (
				E0DB98CA22C04531008088B2 /* NonparametricSQGv1.1 */,
			);
		};
/* End PBXProject section */

/* Begin PBXSourcesBuildPhase section */
		E0DB98C722C04531008088B2 /* Sources */ = {
			isa = PBXSourcesBuildPhase;
			buildActionMask = 2147483647;
			files = (
				E0DB98ED22C04C94008088B2 /* ioNonparametricModel.cpp in Sources */,
				E0DB98CF22C04531008088B2 /* main.cpp in Sources */,
				E0DB98F622C04DEB008088B2 /* testPlayground.cpp in Sources */,
				E0DB98F022C04CFA008088B2 /* ioStochastic.cpp in Sources */,
				E088BA8122C17B070088E62A /* oneStagePiecewiseLP_NSQG.cpp in Sources */,
				E0DB98E422C048E8008088B2 /* NonparametricSQG_dataType.cpp in Sources */,
				E0DB98E722C04B48008088B2 /* nonparametricSQG.cpp in Sources */,
				E0DB98F922C04F87008088B2 /* twoStageLP_NSQG.cpp in Sources */,
				E0DB98EA22C04C16008088B2 /* ioNonparametricDB.cpp in Sources */,
			);
			runOnlyForDeploymentPostprocessing = 0;
		};
/* End PBXSourcesBuildPhase section */

/* Begin XCBuildConfiguration section */
		E0DB98D022C04531008088B2 /* Debug */ = {
			isa = XCBuildConfiguration;
			buildSettings = {
				ALWAYS_SEARCH_USER_PATHS = NO;
				CLANG_ANALYZER_NONNULL = YES;
				CLANG_ANALYZER_NUMBER_OBJECT_CONVERSION = YES_AGGRESSIVE;
				CLANG_CXX_LANGUAGE_STANDARD = "gnu++14";
				CLANG_CXX_LIBRARY = "libc++";
				CLANG_ENABLE_MODULES = YES;
				CLANG_ENABLE_OBJC_ARC = YES;
				CLANG_ENABLE_OBJC_WEAK = YES;
				CLANG_WARN_BLOCK_CAPTURE_AUTORELEASING = YES;
				CLANG_WARN_BOOL_CONVERSION = YES;
				CLANG_WARN_COMMA = YES;
				CLANG_WARN_CONSTANT_CONVERSION = YES;
				CLANG_WARN_DEPRECATED_OBJC_IMPLEMENTATIONS = YES;
				CLANG_WARN_DIRECT_OBJC_ISA_USAGE = YES_ERROR;
				CLANG_WARN_DOCUMENTATION_COMMENTS = YES;
				CLANG_WARN_EMPTY_BODY = YES;
				CLANG_WARN_ENUM_CONVERSION = YES;
				CLANG_WARN_INFINITE_RECURSION = YES;
				CLANG_WARN_INT_CONVERSION = YES;
				CLANG_WARN_NON_LITERAL_NULL_CONVERSION = YES;
				CLANG_WARN_OBJC_IMPLICIT_RETAIN_SELF = YES;
				CLANG_WARN_OBJC_LITERAL_CONVERSION = YES;
				CLANG_WARN_OBJC_ROOT_CLASS = YES_ERROR;
				CLANG_WARN_RANGE_LOOP_ANALYSIS = YES;
				CLANG_WARN_STRICT_PROTOTYPES = YES;
				CLANG_WARN_SUSPICIOUS_MOVE = YES;
				CLANG_WARN_UNGUARDED_AVAILABILITY = YES_AGGRESSIVE;
				CLANG_WARN_UNREACHABLE_CODE = YES;
				CLANG_WARN__DUPLICATE_METHOD_MATCH = YES;
				CODE_SIGN_IDENTITY = "-";
				COPY_PHASE_STRIP = NO;
				DEBUG_INFORMATION_FORMAT = dwarf;
				ENABLE_STRICT_OBJC_MSGSEND = YES;
				ENABLE_TESTABILITY = YES;
				GCC_C_LANGUAGE_STANDARD = gnu11;
				GCC_DYNAMIC_NO_PIC = NO;
				GCC_NO_COMMON_BLOCKS = YES;
				GCC_OPTIMIZATION_LEVEL = 0;
				GCC_PREPROCESSOR_DEFINITIONS = (
					"DEBUG=1",
					"$(inherited)",
				);
				GCC_WARN_64_TO_32_BIT_CONVERSION = YES;
				GCC_WARN_ABOUT_RETURN_TYPE = YES_ERROR;
				GCC_WARN_UNDECLARED_SELECTOR = YES;
				GCC_WARN_UNINITIALIZED_AUTOS = YES_AGGRESSIVE;
				GCC_WARN_UNUSED_FUNCTION = YES;
				GCC_WARN_UNUSED_VARIABLE = YES;
				MACOSX_DEPLOYMENT_TARGET = 10.14;
				MTL_ENABLE_DEBUG_INFO = INCLUDE_SOURCE;
				MTL_FAST_MATH = YES;
				ONLY_ACTIVE_ARCH = YES;
				SDKROOT = macosx;
			};
			name = Debug;
		};
		E0DB98D122C04531008088B2 /* Release */ = {
			isa = XCBuildConfiguration;
			buildSettings = {
				ALWAYS_SEARCH_USER_PATHS = NO;
				CLANG_ANALYZER_NONNULL = YES;
				CLANG_ANALYZER_NUMBER_OBJECT_CONVERSION = YES_AGGRESSIVE;
				CLANG_CXX_LANGUAGE_STANDARD = "gnu++14";
				CLANG_CXX_LIBRARY = "libc++";
				CLANG_ENABLE_MODULES = YES;
				CLANG_ENABLE_OBJC_ARC = YES;
				CLANG_ENABLE_OBJC_WEAK = YES;
				CLANG_WARN_BLOCK_CAPTURE_AUTORELEASING = YES;
				CLANG_WARN_BOOL_CONVERSION = YES;
				CLANG_WARN_COMMA = YES;
				CLANG_WARN_CONSTANT_CONVERSION = YES;
				CLANG_WARN_DEPRECATED_OBJC_IMPLEMENTATIONS = YES;
				CLANG_WARN_DIRECT_OBJC_ISA_USAGE = YES_ERROR;
				CLANG_WARN_DOCUMENTATION_COMMENTS = YES;
				CLANG_WARN_EMPTY_BODY = YES;
				CLANG_WARN_ENUM_CONVERSION = YES;
				CLANG_WARN_INFINITE_RECURSION = YES;
				CLANG_WARN_INT_CONVERSION = YES;
				CLANG_WARN_NON_LITERAL_NULL_CONVERSION = YES;
				CLANG_WARN_OBJC_IMPLICIT_RETAIN_SELF = YES;
				CLANG_WARN_OBJC_LITERAL_CONVERSION = YES;
				CLANG_WARN_OBJC_ROOT_CLASS = YES_ERROR;
				CLANG_WARN_RANGE_LOOP_ANALYSIS = YES;
				CLANG_WARN_STRICT_PROTOTYPES = YES;
				CLANG_WARN_SUSPICIOUS_MOVE = YES;
				CLANG_WARN_UNGUARDED_AVAILABILITY = YES_AGGRESSIVE;
				CLANG_WARN_UNREACHABLE_CODE = YES;
				CLANG_WARN__DUPLICATE_METHOD_MATCH = YES;
				CODE_SIGN_IDENTITY = "-";
				COPY_PHASE_STRIP = NO;
				DEBUG_INFORMATION_FORMAT = "dwarf-with-dsym";
				ENABLE_NS_ASSERTIONS = NO;
				ENABLE_STRICT_OBJC_MSGSEND = YES;
				GCC_C_LANGUAGE_STANDARD = gnu11;
				GCC_NO_COMMON_BLOCKS = YES;
				GCC_WARN_64_TO_32_BIT_CONVERSION = YES;
				GCC_WARN_ABOUT_RETURN_TYPE = YES_ERROR;
				GCC_WARN_UNDECLARED_SELECTOR = YES;
				GCC_WARN_UNINITIALIZED_AUTOS = YES_AGGRESSIVE;
				GCC_WARN_UNUSED_FUNCTION = YES;
				GCC_WARN_UNUSED_VARIABLE = YES;
				MACOSX_DEPLOYMENT_TARGET = 10.14;
				MTL_ENABLE_DEBUG_INFO = NO;
				MTL_FAST_MATH = YES;
				SDKROOT = macosx;
			};
			name = Release;
		};
		E0DB98D322C04531008088B2 /* Debug */ = {
			isa = XCBuildConfiguration;
			buildSettings = {
				CLANG_CXX_LANGUAGE_STANDARD = "gnu++0x";
				CODE_SIGN_STYLE = Automatic;
				HEADER_SEARCH_PATHS = (
					/Applications/CPLEX_Studio128/cplex/include,
					/Applications/CPLEX_Studio128/concert/include,
				);
				LIBRARY_SEARCH_PATHS = (
					"\"/Applications/CPLEX_Studio128/cplex/lib/x86-64_osx/static_pic\"",
					"\"/Applications/CPLEX_Studio128/concert/lib/x86-64_osx/static_pic\"",
				);
				OTHER_CFLAGS = "-DIL_STD";
				PRODUCT_NAME = "$(TARGET_NAME)";
			};
			name = Debug;
		};
		E0DB98D422C04531008088B2 /* Release */ = {
			isa = XCBuildConfiguration;
			buildSettings = {
				CLANG_CXX_LANGUAGE_STANDARD = "gnu++0x";
				CODE_SIGN_STYLE = Automatic;
				HEADER_SEARCH_PATHS = (
					/Applications/CPLEX_Studio128/cplex/include,
					/Applications/CPLEX_Studio128/concert/include,
				);
				LIBRARY_SEARCH_PATHS = (
					"\"/Applications/CPLEX_Studio128/cplex/lib/x86-64_osx/static_pic\"",
					"\"/Applications/CPLEX_Studio128/concert/lib/x86-64_osx/static_pic\"",
				);
				OTHER_CFLAGS = "-DIL_STD";
				PRODUCT_NAME = "$(TARGET_NAME)";
			};
			name = Release;
		};
/* End XCBuildConfiguration section */

/* Begin XCConfigurationList section */
		E0DB98C622C04531008088B2 /* Build configuration list for PBXProject "NonparametricSQGv1.1" */ = {
			isa = XCConfigurationList;
			buildConfigurations = (
				E0DB98D022C04531008088B2 /* Debug */,
				E0DB98D122C04531008088B2 /* Release */,
			);
			defaultConfigurationIsVisible = 0;
			defaultConfigurationName = Release;
		};
		E0DB98D222C04531008088B2 /* Build configuration list for PBXNativeTarget "NonparametricSQGv1.1" */ = {
			isa = XCConfigurationList;
			buildConfigurations = (
				E0DB98D322C04531008088B2 /* Debug */,
				E0DB98D422C04531008088B2 /* Release */,
			);
			defaultConfigurationIsVisible = 0;
			defaultConfigurationName = Release;
		};
/* End XCConfigurationList section */
	};
	rootObject = E0DB98C322C04531008088B2 /* Project object */;
}
